
Microsoft Visual Studio Solution File, Format Version 12.00
# Visual Studio 15
Project("{FAE04EC0-301F-11D3-BF4B-00C04F79EFBC}") = "LightSpeed.Android", "LightSpeed.Android\LightSpeed.Android.csproj", "{64CD8A2B-D392-43B4-B9F4-455DE5E98C8C}"
EndProject
Project("{FAE04EC0-301F-11D3-BF4B-00C04F79EFBC}") = "LightSpeed.iOS", "LightSpeed.iOS\LightSpeed.iOS.csproj", "{416A2229-FD90-4B16-8D4D-D3A072EA0C6E}"
EndProject
Project("{FAE04EC0-301F-11D3-BF4B-00C04F79EFBC}") = "LightSpeed", "LightSpeed\LightSpeed.csproj", "{C2C070D5-F480-445B-94AF-8095554BBB04}"
EndProject
Global
	GlobalSection(SolutionConfigurationPlatforms) = preSolution
		Debug|Any CPU = Debug|Any CPU
		Release|Any CPU = Release|Any CPU
		Debug|iPhoneSimulator = Debug|iPhoneSimulator
		Release|iPhoneSimulator = Release|iPhoneSimulator
		Debug|iPhone = Debug|iPhone
		Release|iPhone = Release|iPhone
	EndGlobalSection
	GlobalSection(ProjectConfigurationPlatforms) = postSolution
		{64CD8A2B-D392-43B4-B9F4-455DE5E98C8C}.Debug|Any CPU.ActiveCfg = Debug|Any CPU
		{64CD8A2B-D392-43B4-B9F4-455DE5E98C8C}.Debug|Any CPU.Build.0 = Debug|Any CPU
		{64CD8A2B-D392-43B4-B9F4-455DE5E98C8C}.Release|Any CPU.ActiveCfg = Release|Any CPU
		{64CD8A2B-D392-43B4-B9F4-455DE5E98C8C}.Release|Any CPU.Build.0 = Release|Any CPU
		{64CD8A2B-D392-43B4-B9F4-455DE5E98C8C}.Debug|iPhoneSimulator.ActiveCfg = Debug|Any CPU
		{64CD8A2B-D392-43B4-B9F4-455DE5E98C8C}.Debug|iPhoneSimulator.Build.0 = Debug|Any CPU
		{64CD8A2B-D392-43B4-B9F4-455DE5E98C8C}.Release|iPhoneSimulator.ActiveCfg = Release|Any CPU
		{64CD8A2B-D392-43B4-B9F4-455DE5E98C8C}.Release|iPhoneSimulator.Build.0 = Release|Any CPU
		{64CD8A2B-D392-43B4-B9F4-455DE5E98C8C}.Debug|iPhone.ActiveCfg = Debug|Any CPU
		{64CD8A2B-D392-43B4-B9F4-455DE5E98C8C}.Debug|iPhone.Build.0 = Debug|Any CPU
		{64CD8A2B-D392-43B4-B9F4-455DE5E98C8C}.Release|iPhone.ActiveCfg = Release|Any CPU
		{64CD8A2B-D392-43B4-B9F4-455DE5E98C8C}.Release|iPhone.Build.0 = Release|Any CPU
		{416A2229-FD90-4B16-8D4D-D3A072EA0C6E}.Debug|Any CPU.ActiveCfg = Debug|iPhoneSimulator
		{416A2229-FD90-4B16-8D4D-D3A072EA0C6E}.Debug|Any CPU.Build.0 = Debug|iPhoneSimulator
		{416A2229-FD90-4B16-8D4D-D3A072EA0C6E}.Release|Any CPU.ActiveCfg = Release|iPhoneSimulator
		{416A2229-FD90-4B16-8D4D-D3A072EA0C6E}.Release|Any CPU.Build.0 = Release|iPhoneSimulator
		{416A2229-FD90-4B16-8D4D-D3A072EA0C6E}.Debug|iPhoneSimulator.ActiveCfg = Debug|iPhoneSimulator
		{416A2229-FD90-4B16-8D4D-D3A072EA0C6E}.Debug|iPhoneSimulator.Build.0 = Debug|iPhoneSimulator
		{416A2229-FD90-4B16-8D4D-D3A072EA0C6E}.Release|iPhoneSimulator.ActiveCfg = Release|iPhoneSimulator
		{416A2229-FD90-4B16-8D4D-D3A072EA0C6E}.Release|iPhoneSimulator.Build.0 = Release|iPhoneSimulator
		{416A2229-FD90-4B16-8D4D-D3A072EA0C6E}.Debug|iPhone.ActiveCfg = Debug|iPhone
		{416A2229-FD90-4B16-8D4D-D3A072EA0C6E}.Debug|iPhone.Build.0 = Debug|iPhone
		{416A2229-FD90-4B16-8D4D-D3A072EA0C6E}.Release|iPhone.ActiveCfg = Release|iPhone
		{416A2229-FD90-4B16-8D4D-D3A072EA0C6E}.Release|iPhone.Build.0 = Release|iPhone
		{C2C070D5-F480-445B-94AF-8095554BBB04}.Debug|Any CPU.ActiveCfg = Debug|Any CPU
		{C2C070D5-F480-445B-94AF-8095554BBB04}.Debug|Any CPU.Build.0 = Debug|Any CPU
		{C2C070D5-F480-445B-94AF-8095554BBB04}.Release|Any CPU.ActiveCfg = Release|Any CPU
		{C2C070D5-F480-445B-94AF-8095554BBB04}.Release|Any CPU.Build.0 = Release|Any CPU
		{C2C070D5-F480-445B-94AF-8095554BBB04}.Debug|iPhoneSimulator.ActiveCfg = Debug|Any CPU
		{C2C070D5-F480-445B-94AF-8095554BBB04}.Debug|iPhoneSimulator.Build.0 = Debug|Any CPU
		{C2C070D5-F480-445B-94AF-8095554BBB04}.Release|iPhoneSimulator.ActiveCfg = Release|Any CPU
		{C2C070D5-F480-445B-94AF-8095554BBB04}.Release|iPhoneSimulator.Build.0 = Release|Any CPU
		{C2C070D5-F480-445B-94AF-8095554BBB04}.Debug|iPhone.ActiveCfg = Debug|Any CPU
		{C2C070D5-F480-445B-94AF-8095554BBB04}.Debug|iPhone.Build.0 = Debug|Any CPU
		{C2C070D5-F480-445B-94AF-8095554BBB04}.Release|iPhone.ActiveCfg = Release|Any CPU
		{C2C070D5-F480-445B-94AF-8095554BBB04}.Release|iPhone.Build.0 = Release|Any CPU
	EndGlobalSection
EndGlobal
